
Microsoft Visual Studio Solution File, Format Version 12.00
# Visual Studio 14
VisualStudioVersion = 14.0.25123.0
MinimumVisualStudioVersion = 10.0.40219.1
Project("{C39AAF8A-A8DC-47E4-B59B-DEF9CE8F495F}") = "Sitecore.Support.8067", "Sitecore.Support.8067\Sitecore.Support.8067.csproj", "{C66DD9AC-84A0-47DB-8DCC-74219323E576}"
EndProject
Global
	GlobalSection(SolutionConfigurationPlatforms) = preSolution
		Debug|Any CPU = Debug|Any CPU
		Release|Any CPU = Release|Any CPU
	EndGlobalSection
	GlobalSection(ProjectConfigurationPlatforms) = postSolution
		{C66DD9AC-84A0-47DB-8DCC-74219323E576}.Debug|Any CPU.ActiveCfg = Debug|Any CPU
		{C66DD9AC-84A0-47DB-8DCC-74219323E576}.Debug|Any CPU.Build.0 = Debug|Any CPU
		{C66DD9AC-84A0-47DB-8DCC-74219323E576}.Release|Any CPU.ActiveCfg = Release|Any CPU
		{C66DD9AC-84A0-47DB-8DCC-74219323E576}.Release|Any CPU.Build.0 = Release|Any CPU
	EndGlobalSection
	GlobalSection(SolutionProperties) = preSolution
		HideSolutionNode = FALSE
	EndGlobalSection
EndGlobal
